
Microsoft Visual Studio Solution File, Format Version 12.00
# Visual Studio 14
VisualStudioVersion = 14.0.25420.1
MinimumVisualStudioVersion = 10.0.40219.1
Project("{FAE04EC0-301F-11D3-BF4B-00C04F79EFBC}") = "MEAS.Mvc", "MEAS\MEAS.Mvc.csproj", "{CC5667E0-C1AA-4D21-9004-62495EB466E2}"
EndProject
Project("{FAE04EC0-301F-11D3-BF4B-00C04F79EFBC}") = "MEAS.Tests", "MEAS.Tests\MEAS.Tests.csproj", "{7B093204-4496-4C8F-BD93-B93C6CF82DB9}"
EndProject
Project("{FAE04EC0-301F-11D3-BF4B-00C04F79EFBC}") = "MEAS.Core", "MEAS.Core\MEAS.Core.csproj", "{6E8974F4-C2BF-43C9-9543-B6BF8257568A}"
EndProject
Project("{FAE04EC0-301F-11D3-BF4B-00C04F79EFBC}") = "MEAS.Service", "MEAS.Service\MEAS.Service.csproj", "{DEC9D363-FC4F-4950-A427-1297AE8EE338}"
EndProject
Project("{FAE04EC0-301F-11D3-BF4B-00C04F79EFBC}") = "MEAS.Data.MySql", "MEAS.Data.MySql\MEAS.Data.MySql.csproj", "{04CB1DB8-70C0-4D54-853A-ECAF1547A821}"
EndProject
Project("{FAE04EC0-301F-11D3-BF4B-00C04F79EFBC}") = "MEAS.Data.SqlClient", "MEAS.Data.SqlClient\MEAS.Data.SqlClient.csproj", "{64F701FB-AE72-4D38-BFD7-D3885C06A8ED}"
EndProject
Global
	GlobalSection(SolutionConfigurationPlatforms) = preSolution
		Debug|Any CPU = Debug|Any CPU
		Release|Any CPU = Release|Any CPU
	EndGlobalSection
	GlobalSection(ProjectConfigurationPlatforms) = postSolution
		{CC5667E0-C1AA-4D21-9004-62495EB466E2}.Debug|Any CPU.ActiveCfg = Debug|Any CPU
		{CC5667E0-C1AA-4D21-9004-62495EB466E2}.Debug|Any CPU.Build.0 = Debug|Any CPU
		{CC5667E0-C1AA-4D21-9004-62495EB466E2}.Release|Any CPU.ActiveCfg = Release|Any CPU
		{CC5667E0-C1AA-4D21-9004-62495EB466E2}.Release|Any CPU.Build.0 = Release|Any CPU
		{7B093204-4496-4C8F-BD93-B93C6CF82DB9}.Debug|Any CPU.ActiveCfg = Debug|Any CPU
		{7B093204-4496-4C8F-BD93-B93C6CF82DB9}.Debug|Any CPU.Build.0 = Debug|Any CPU
		{7B093204-4496-4C8F-BD93-B93C6CF82DB9}.Release|Any CPU.ActiveCfg = Release|Any CPU
		{7B093204-4496-4C8F-BD93-B93C6CF82DB9}.Release|Any CPU.Build.0 = Release|Any CPU
		{6E8974F4-C2BF-43C9-9543-B6BF8257568A}.Debug|Any CPU.ActiveCfg = Debug|Any CPU
		{6E8974F4-C2BF-43C9-9543-B6BF8257568A}.Debug|Any CPU.Build.0 = Debug|Any CPU
		{6E8974F4-C2BF-43C9-9543-B6BF8257568A}.Release|Any CPU.ActiveCfg = Release|Any CPU
		{6E8974F4-C2BF-43C9-9543-B6BF8257568A}.Release|Any CPU.Build.0 = Release|Any CPU
		{DEC9D363-FC4F-4950-A427-1297AE8EE338}.Debug|Any CPU.ActiveCfg = Debug|Any CPU
		{DEC9D363-FC4F-4950-A427-1297AE8EE338}.Debug|Any CPU.Build.0 = Debug|Any CPU
		{DEC9D363-FC4F-4950-A427-1297AE8EE338}.Release|Any CPU.ActiveCfg = Release|Any CPU
		{DEC9D363-FC4F-4950-A427-1297AE8EE338}.Release|Any CPU.Build.0 = Release|Any CPU
		{04CB1DB8-70C0-4D54-853A-ECAF1547A821}.Debug|Any CPU.ActiveCfg = Debug|Any CPU
		{04CB1DB8-70C0-4D54-853A-ECAF1547A821}.Debug|Any CPU.Build.0 = Debug|Any CPU
		{04CB1DB8-70C0-4D54-853A-ECAF1547A821}.Release|Any CPU.ActiveCfg = Release|Any CPU
		{04CB1DB8-70C0-4D54-853A-ECAF1547A821}.Release|Any CPU.Build.0 = Release|Any CPU
		{64F701FB-AE72-4D38-BFD7-D3885C06A8ED}.Debug|Any CPU.ActiveCfg = Debug|Any CPU
		{64F701FB-AE72-4D38-BFD7-D3885C06A8ED}.Debug|Any CPU.Build.0 = Debug|Any CPU
		{64F701FB-AE72-4D38-BFD7-D3885C06A8ED}.Release|Any CPU.ActiveCfg = Release|Any CPU
		{64F701FB-AE72-4D38-BFD7-D3885C06A8ED}.Release|Any CPU.Build.0 = Release|Any CPU
	EndGlobalSection
	GlobalSection(SolutionProperties) = preSolution
		HideSolutionNode = FALSE
	EndGlobalSection
EndGlobal
